
Microsoft Visual Studio Solution File, Format Version 12.00
# Visual Studio 15
VisualStudioVersion = 15.0.27703.2026
MinimumVisualStudioVersion = 10.0.40219.1
Project("{FAE04EC0-301F-11D3-BF4B-00C04F79EFBC}") = "VisitorManagement", "VisitorManagement\VisitorManagement.csproj", "{9489ABAA-2DE3-4F31-9AAA-4933CF956951}"
EndProject
Global
	GlobalSection(SolutionConfigurationPlatforms) = preSolution
		Debug|Any CPU = Debug|Any CPU
		Release|Any CPU = Release|Any CPU
	EndGlobalSection
	GlobalSection(ProjectConfigurationPlatforms) = postSolution
		{9489ABAA-2DE3-4F31-9AAA-4933CF956951}.Debug|Any CPU.ActiveCfg = Debug|Any CPU
		{9489ABAA-2DE3-4F31-9AAA-4933CF956951}.Debug|Any CPU.Build.0 = Debug|Any CPU
		{9489ABAA-2DE3-4F31-9AAA-4933CF956951}.Release|Any CPU.ActiveCfg = Release|Any CPU
		{9489ABAA-2DE3-4F31-9AAA-4933CF956951}.Release|Any CPU.Build.0 = Release|Any CPU
	EndGlobalSection
	GlobalSection(SolutionProperties) = preSolution
		HideSolutionNode = FALSE
	EndGlobalSection
	GlobalSection(ExtensibilityGlobals) = postSolution
		SolutionGuid = {7F054A7E-B49D-4E30-A2CD-FD3577A82F1E}
	EndGlobalSection
EndGlobal
